
Microsoft Visual Studio Solution File, Format Version 12.00
# Visual Studio 15
VisualStudioVersion = 15.0.27703.2000
MinimumVisualStudioVersion = 10.0.40219.1
Project("{FAE04EC0-301F-11D3-BF4B-00C04F79EFBC}") = "CoreLibrary", "ClassLibrary\CoreLibrary.csproj", "{E04EDF9E-4021-426C-AF02-0B87E0F521E8}"
EndProject
Global
	GlobalSection(SolutionConfigurationPlatforms) = preSolution
		Debug|Any CPU = Debug|Any CPU
		Release|Any CPU = Release|Any CPU
	EndGlobalSection
	GlobalSection(ProjectConfigurationPlatforms) = postSolution
		{E04EDF9E-4021-426C-AF02-0B87E0F521E8}.Debug|Any CPU.ActiveCfg = Debug|Any CPU
		{E04EDF9E-4021-426C-AF02-0B87E0F521E8}.Debug|Any CPU.Build.0 = Debug|Any CPU
		{E04EDF9E-4021-426C-AF02-0B87E0F521E8}.Release|Any CPU.ActiveCfg = Release|Any CPU
		{E04EDF9E-4021-426C-AF02-0B87E0F521E8}.Release|Any CPU.Build.0 = Release|Any CPU
	EndGlobalSection
	GlobalSection(SolutionProperties) = preSolution
		HideSolutionNode = FALSE
	EndGlobalSection
	GlobalSection(ExtensibilityGlobals) = postSolution
		SolutionGuid = {6FAC81C2-E6D4-4E8B-A5AE-9F6AEC090ECF}
	EndGlobalSection
	GlobalSection(MonoDevelopProperties) = preSolution
		StartupItem = CommonTest\CommonTest.csproj
	EndGlobalSection
EndGlobal
